
Microsoft Visual Studio Solution File, Format Version 12.00
# Visual Studio Version 17
VisualStudioVersion = 17.2.32602.215
MinimumVisualStudioVersion = 10.0.40219.1
Project("{FAE04EC0-301F-11D3-BF4B-00C04F79EFBC}") = "CrearMetodos", "CrearMetodos\CrearMetodos.csproj", "{1B3BDCF4-DD56-4474-879C-27F623607749}"
EndProject
Global
	GlobalSection(SolutionConfigurationPlatforms) = preSolution
		Debug|Any CPU = Debug|Any CPU
		Release|Any CPU = Release|Any CPU
	EndGlobalSection
	GlobalSection(ProjectConfigurationPlatforms) = postSolution
		{1B3BDCF4-DD56-4474-879C-27F623607749}.Debug|Any CPU.ActiveCfg = Debug|Any CPU
		{1B3BDCF4-DD56-4474-879C-27F623607749}.Debug|Any CPU.Build.0 = Debug|Any CPU
		{1B3BDCF4-DD56-4474-879C-27F623607749}.Release|Any CPU.ActiveCfg = Release|Any CPU
		{1B3BDCF4-DD56-4474-879C-27F623607749}.Release|Any CPU.Build.0 = Release|Any CPU
	EndGlobalSection
	GlobalSection(SolutionProperties) = preSolution
		HideSolutionNode = FALSE
	EndGlobalSection
	GlobalSection(ExtensibilityGlobals) = postSolution
		SolutionGuid = {1D2C6571-AD09-4D97-86D2-38636EF3C040}
	EndGlobalSection
EndGlobal
